
Microsoft Visual Studio Solution File, Format Version 12.00
# Visual Studio Version 17
VisualStudioVersion = 17.10.34928.147
MinimumVisualStudioVersion = 10.0.40219.1
Project("{FAE04EC0-301F-11D3-BF4B-00C04F79EFBC}") = "ByndyusoftTestTask.Test", "ByndyusoftTestTask.Test\ByndyusoftTestTask.Test.csproj", "{BEC31B44-085C-4D8D-BF89-B4502DCFAA76}"
EndProject
Project("{FAE04EC0-301F-11D3-BF4B-00C04F79EFBC}") = "ByndyusoftTestTask.Library", "ByndyusoftTestTask.Library\ByndyusoftTestTask.Library.csproj", "{395DF064-F5F2-47D0-9D20-5A0D94FB33F1}"
EndProject
Global
	GlobalSection(SolutionConfigurationPlatforms) = preSolution
		Debug|Any CPU = Debug|Any CPU
		Release|Any CPU = Release|Any CPU
	EndGlobalSection
	GlobalSection(ProjectConfigurationPlatforms) = postSolution
		{BEC31B44-085C-4D8D-BF89-B4502DCFAA76}.Debug|Any CPU.ActiveCfg = Debug|Any CPU
		{BEC31B44-085C-4D8D-BF89-B4502DCFAA76}.Debug|Any CPU.Build.0 = Debug|Any CPU
		{BEC31B44-085C-4D8D-BF89-B4502DCFAA76}.Release|Any CPU.ActiveCfg = Release|Any CPU
		{BEC31B44-085C-4D8D-BF89-B4502DCFAA76}.Release|Any CPU.Build.0 = Release|Any CPU
		{395DF064-F5F2-47D0-9D20-5A0D94FB33F1}.Debug|Any CPU.ActiveCfg = Debug|Any CPU
		{395DF064-F5F2-47D0-9D20-5A0D94FB33F1}.Debug|Any CPU.Build.0 = Debug|Any CPU
		{395DF064-F5F2-47D0-9D20-5A0D94FB33F1}.Release|Any CPU.ActiveCfg = Release|Any CPU
		{395DF064-F5F2-47D0-9D20-5A0D94FB33F1}.Release|Any CPU.Build.0 = Release|Any CPU
	EndGlobalSection
	GlobalSection(SolutionProperties) = preSolution
		HideSolutionNode = FALSE
	EndGlobalSection
	GlobalSection(ExtensibilityGlobals) = postSolution
		SolutionGuid = {1AE50DA6-D64A-44F1-8772-B4076551D97C}
	EndGlobalSection
EndGlobal
